
Microsoft Visual Studio Solution File, Format Version 12.00
# Visual Studio Version 16
VisualStudioVersion = 16.0.29215.179
MinimumVisualStudioVersion = 10.0.40219.1
Project("{FAE04EC0-301F-11D3-BF4B-00C04F79EFBC}") = "Cayan.Tool.SqlProjScanner.ConsoleApp", "Cayan.Tool.SqlProjScanner.ConsoleApp\Cayan.Tool.SqlProjScanner.ConsoleApp.csproj", "{D0F124BE-0592-48EB-98E1-0815D09844EB}"
EndProject
Project("{FAE04EC0-301F-11D3-BF4B-00C04F79EFBC}") = "Cayan.Tool.SqlProjScanner.ConsoleApp.Test", "Cayan.Tool.SqlProjScanner.ConsoleApp.Test\Cayan.Tool.SqlProjScanner.ConsoleApp.Test.csproj", "{5D8B4098-A3E8-4FFF-B345-B116D3EB5AA8}"
EndProject
Global
	GlobalSection(SolutionConfigurationPlatforms) = preSolution
		Debug|Any CPU = Debug|Any CPU
		Release|Any CPU = Release|Any CPU
	EndGlobalSection
	GlobalSection(ProjectConfigurationPlatforms) = postSolution
		{D0F124BE-0592-48EB-98E1-0815D09844EB}.Debug|Any CPU.ActiveCfg = Debug|Any CPU
		{D0F124BE-0592-48EB-98E1-0815D09844EB}.Debug|Any CPU.Build.0 = Debug|Any CPU
		{D0F124BE-0592-48EB-98E1-0815D09844EB}.Release|Any CPU.ActiveCfg = Release|Any CPU
		{D0F124BE-0592-48EB-98E1-0815D09844EB}.Release|Any CPU.Build.0 = Release|Any CPU
		{5D8B4098-A3E8-4FFF-B345-B116D3EB5AA8}.Debug|Any CPU.ActiveCfg = Debug|Any CPU
		{5D8B4098-A3E8-4FFF-B345-B116D3EB5AA8}.Debug|Any CPU.Build.0 = Debug|Any CPU
		{5D8B4098-A3E8-4FFF-B345-B116D3EB5AA8}.Release|Any CPU.ActiveCfg = Release|Any CPU
		{5D8B4098-A3E8-4FFF-B345-B116D3EB5AA8}.Release|Any CPU.Build.0 = Release|Any CPU
	EndGlobalSection
	GlobalSection(SolutionProperties) = preSolution
		HideSolutionNode = FALSE
	EndGlobalSection
	GlobalSection(ExtensibilityGlobals) = postSolution
		SolutionGuid = {16EACD3A-990C-4E7F-88A8-E98FF065EDF9}
	EndGlobalSection
EndGlobal
